
Microsoft Visual Studio Solution File, Format Version 12.00
# Visual Studio 15
VisualStudioVersion = 15.0.28307.572
MinimumVisualStudioVersion = 10.0.40219.1
Project("{FAE04EC0-301F-11D3-BF4B-00C04F79EFBC}") = "WorkflowEngine", "WorkflowEngine\WorkflowEngine.csproj", "{230B4328-E518-450A-AB18-F1CBADA7D472}"
EndProject
Global
	GlobalSection(SolutionConfigurationPlatforms) = preSolution
		Debug|Any CPU = Debug|Any CPU
		Release|Any CPU = Release|Any CPU
	EndGlobalSection
	GlobalSection(ProjectConfigurationPlatforms) = postSolution
		{230B4328-E518-450A-AB18-F1CBADA7D472}.Debug|Any CPU.ActiveCfg = Debug|Any CPU
		{230B4328-E518-450A-AB18-F1CBADA7D472}.Debug|Any CPU.Build.0 = Debug|Any CPU
		{230B4328-E518-450A-AB18-F1CBADA7D472}.Release|Any CPU.ActiveCfg = Release|Any CPU
		{230B4328-E518-450A-AB18-F1CBADA7D472}.Release|Any CPU.Build.0 = Release|Any CPU
	EndGlobalSection
	GlobalSection(SolutionProperties) = preSolution
		HideSolutionNode = FALSE
	EndGlobalSection
	GlobalSection(ExtensibilityGlobals) = postSolution
		SolutionGuid = {3C6B6385-43FC-41D6-98A2-EA5FEEE03CF4}
	EndGlobalSection
EndGlobal
